
Microsoft Visual Studio Solution File, Format Version 12.00
# Visual Studio Version 17
VisualStudioVersion = 17.14.36202.13 d17.14
MinimumVisualStudioVersion = 10.0.40219.1
Project("{FAE04EC0-301F-11D3-BF4B-00C04F79EFBC}") = "MWP", "MWP\MWP.csproj", "{6F1BCA16-73B1-438A-B976-8C715C4AF225}"
EndProject
Global
	GlobalSection(SolutionConfigurationPlatforms) = preSolution
		Debug|Any CPU = Debug|Any CPU
		Release|Any CPU = Release|Any CPU
	EndGlobalSection
	GlobalSection(ProjectConfigurationPlatforms) = postSolution
		{6F1BCA16-73B1-438A-B976-8C715C4AF225}.Debug|Any CPU.ActiveCfg = Debug|Any CPU
		{6F1BCA16-73B1-438A-B976-8C715C4AF225}.Debug|Any CPU.Build.0 = Debug|Any CPU
		{6F1BCA16-73B1-438A-B976-8C715C4AF225}.Release|Any CPU.ActiveCfg = Release|Any CPU
		{6F1BCA16-73B1-438A-B976-8C715C4AF225}.Release|Any CPU.Build.0 = Release|Any CPU
	EndGlobalSection
	GlobalSection(SolutionProperties) = preSolution
		HideSolutionNode = FALSE
	EndGlobalSection
	GlobalSection(ExtensibilityGlobals) = postSolution
		SolutionGuid = {EA54E10A-0471-444A-83F0-1D232099CE63}
	EndGlobalSection
EndGlobal
